
Microsoft Visual Studio Solution File, Format Version 12.00
# Visual Studio Version 16
VisualStudioVersion = 16.0.29920.165
MinimumVisualStudioVersion = 10.0.40219.1
Project("{FAE04EC0-301F-11D3-BF4B-00C04F79EFBC}") = "QueueMsgSender", "QueueMsgSender\QueueMsgSender.csproj", "{CC419300-2374-4543-AD35-4835B1B5B4D7}"
EndProject
Global
	GlobalSection(SolutionConfigurationPlatforms) = preSolution
		Debug|Any CPU = Debug|Any CPU
		Release|Any CPU = Release|Any CPU
	EndGlobalSection
	GlobalSection(ProjectConfigurationPlatforms) = postSolution
		{CC419300-2374-4543-AD35-4835B1B5B4D7}.Debug|Any CPU.ActiveCfg = Debug|Any CPU
		{CC419300-2374-4543-AD35-4835B1B5B4D7}.Debug|Any CPU.Build.0 = Debug|Any CPU
		{CC419300-2374-4543-AD35-4835B1B5B4D7}.Release|Any CPU.ActiveCfg = Release|Any CPU
		{CC419300-2374-4543-AD35-4835B1B5B4D7}.Release|Any CPU.Build.0 = Release|Any CPU
	EndGlobalSection
	GlobalSection(SolutionProperties) = preSolution
		HideSolutionNode = FALSE
	EndGlobalSection
	GlobalSection(ExtensibilityGlobals) = postSolution
		SolutionGuid = {CB8EE591-698A-4CD7-9658-ED30902A613C}
	EndGlobalSection
EndGlobal
